{
  "name": "bolt07",
  "version": "1.9.4",
  "lockfileVersion": 2,
  "requires": true,
  "packages": {
    "": {
      "name": "bolt07",
      "version": "1.9.4",
      "license": "MIT",
      "dependencies": {
        "bn.js": "5.2.3"
      }
    },
    "node_modules/bn.js": {
      "version": "5.2.3",
      "resolved": "https://registry.npmjs.org/bn.js/-/bn.js-5.2.3.tgz",
      "integrity": "sha512-EAcmnPkxpntVL+DS7bO1zhcZNvCkxqtkd0ZY53h06GNQ3DEkkGZ/gKgmDv6DdZQGj9BgfSPKtJJ7Dp1GPP8f7w=="
    }
  },
  "dependencies": {
    "bn.js": {
      "version": "5.2.3",
      "resolved": "https://registry.npmjs.org/bn.js/-/bn.js-5.2.3.tgz",
      "integrity": "sha512-EAcmnPkxpntVL+DS7bO1zhcZNvCkxqtkd0ZY53h06GNQ3DEkkGZ/gKgmDv6DdZQGj9BgfSPKtJJ7Dp1GPP8f7w=="
    }
  }
}
